
Microsoft Visual Studio Solution File, Format Version 12.00
# Visual Studio Version 16
VisualStudioVersion = 16.0.31424.327
MinimumVisualStudioVersion = 10.0.40219.1
Project("{FAE04EC0-301F-11D3-BF4B-00C04F79EFBC}") = "CalculadoraBasica", "CalculadoraBasica\CalculadoraBasica.csproj", "{B41DE7DC-C076-4D5F-96DB-8FD62D1D4A94}"
EndProject
Global
	GlobalSection(SolutionConfigurationPlatforms) = preSolution
		Debug|Any CPU = Debug|Any CPU
		Release|Any CPU = Release|Any CPU
	EndGlobalSection
	GlobalSection(ProjectConfigurationPlatforms) = postSolution
		{B41DE7DC-C076-4D5F-96DB-8FD62D1D4A94}.Debug|Any CPU.ActiveCfg = Debug|Any CPU
		{B41DE7DC-C076-4D5F-96DB-8FD62D1D4A94}.Debug|Any CPU.Build.0 = Debug|Any CPU
		{B41DE7DC-C076-4D5F-96DB-8FD62D1D4A94}.Release|Any CPU.ActiveCfg = Release|Any CPU
		{B41DE7DC-C076-4D5F-96DB-8FD62D1D4A94}.Release|Any CPU.Build.0 = Release|Any CPU
	EndGlobalSection
	GlobalSection(SolutionProperties) = preSolution
		HideSolutionNode = FALSE
	EndGlobalSection
	GlobalSection(ExtensibilityGlobals) = postSolution
		SolutionGuid = {1047EE1D-CEFC-4081-8616-4EE914B2F279}
	EndGlobalSection
EndGlobal
